// !$*UTF8*$!
{
	archiveVersion = 1;
	classes = {
	};
	objectVersion = 56;
	objects = {

/* Begin PBXBuildFile section */
		9209FF5029BB6DC900DB1159 /* ReminderListStyle.swift in Sources */ = {isa = PBXBuildFile; fileRef = 9209FF4F29BB6DC900DB1159 /* ReminderListStyle.swift */; };
		9209FF5229BB971600DB1159 /* ProgressHeaderView.swift in Sources */ = {isa = PBXBuildFile; fileRef = 9209FF5129BB971600DB1159 /* ProgressHeaderView.swift */; };
		926AB39629B7972C00137847 /* AppDelegate.swift in Sources */ = {isa = PBXBuildFile; fileRef = 926AB39529B7972C00137847 /* AppDelegate.swift */; };
		926AB39829B7972C00137847 /* SceneDelegate.swift in Sources */ = {isa = PBXBuildFile; fileRef = 926AB39729B7972C00137847 /* SceneDelegate.swift */; };
		926AB39A29B7972C00137847 /* ReminderListViewController.swift in Sources */ = {isa = PBXBuildFile; fileRef = 926AB39929B7972C00137847 /* ReminderListViewController.swift */; };
		926AB39D29B7972C00137847 /* Main.storyboard in Resources */ = {isa = PBXBuildFile; fileRef = 926AB39B29B7972C00137847 /* Main.storyboard */; };
		926AB3A229B7972D00137847 /* LaunchScreen.storyboard in Resources */ = {isa = PBXBuildFile; fileRef = 926AB3A029B7972D00137847 /* LaunchScreen.storyboard */; };
		926AB3AB29B7A36700137847 /* Reminder.swift in Sources */ = {isa = PBXBuildFile; fileRef = 926AB3AA29B7A36700137847 /* Reminder.swift */; };
		926AB3AD29B7BF7E00137847 /* Date+Today.swift in Sources */ = {isa = PBXBuildFile; fileRef = 926AB3AC29B7BF7E00137847 /* Date+Today.swift */; };
		926AB3B029B7D92600137847 /* ReminderListViewController+DataSource.swift in Sources */ = {isa = PBXBuildFile; fileRef = 926AB3AF29B7D92600137847 /* ReminderListViewController+DataSource.swift */; };
		926AB3B229B8E01600137847 /* UIColor+Today.swift in Sources */ = {isa = PBXBuildFile; fileRef = 926AB3B129B8E01600137847 /* UIColor+Today.swift */; };
		926AB3B429B8E03000137847 /* Assets.xcassets in Resources */ = {isa = PBXBuildFile; fileRef = 926AB3B329B8E03000137847 /* Assets.xcassets */; };
		926AB3B629B8EA4500137847 /* ReminderDoneButton.swift in Sources */ = {isa = PBXBuildFile; fileRef = 926AB3B529B8EA4500137847 /* ReminderDoneButton.swift */; };
		926AB3B829B8EB4B00137847 /* ReminderListViewController+Actions.swift in Sources */ = {isa = PBXBuildFile; fileRef = 926AB3B729B8EB4B00137847 /* ReminderListViewController+Actions.swift */; };
		926AB3BA29B9FE9D00137847 /* ReminderViewController.swift in Sources */ = {isa = PBXBuildFile; fileRef = 926AB3B929B9FE9D00137847 /* ReminderViewController.swift */; };
		926AB3BD29BA00AB00137847 /* ReminderViewController+Row.swift in Sources */ = {isa = PBXBuildFile; fileRef = 926AB3BC29BA00AB00137847 /* ReminderViewController+Row.swift */; };
		926AB3BF29BA143200137847 /* ReminderViewController+Section.swift in Sources */ = {isa = PBXBuildFile; fileRef = 926AB3BE29BA143200137847 /* ReminderViewController+Section.swift */; };
		926AB3C129BA3D0A00137847 /* ReminderViewController+CellConfiguration.swift in Sources */ = {isa = PBXBuildFile; fileRef = 926AB3C029BA3D0A00137847 /* ReminderViewController+CellConfiguration.swift */; };
		926AB3C429BA3FCA00137847 /* UIView+PinnedSubView.swift in Sources */ = {isa = PBXBuildFile; fileRef = 926AB3C329BA3FCA00137847 /* UIView+PinnedSubView.swift */; };
		926AB3C629BA429300137847 /* TextFieldContentView.swift in Sources */ = {isa = PBXBuildFile; fileRef = 926AB3C529BA429300137847 /* TextFieldContentView.swift */; };
		926AB3C829BA448F00137847 /* UIContentConfiguration+Stateless.swift in Sources */ = {isa = PBXBuildFile; fileRef = 926AB3C729BA448F00137847 /* UIContentConfiguration+Stateless.swift */; };
		926AB3CA29BA4AB300137847 /* TextViewContentView.swift in Sources */ = {isa = PBXBuildFile; fileRef = 926AB3C929BA4AB300137847 /* TextViewContentView.swift */; };
		926AB3CC29BA4E5000137847 /* DatePickerContentView.swift in Sources */ = {isa = PBXBuildFile; fileRef = 926AB3CB29BA4E5000137847 /* DatePickerContentView.swift */; };
/* End PBXBuildFile section */

/* Begin PBXFileReference section */
		9209FF4F29BB6DC900DB1159 /* ReminderListStyle.swift */ = {isa = PBXFileReference; lastKnownFileType = sourcecode.swift; path = ReminderListStyle.swift; sourceTree = "<group>"; };
		9209FF5129BB971600DB1159 /* ProgressHeaderView.swift */ = {isa = PBXFileReference; lastKnownFileType = sourcecode.swift; path = ProgressHeaderView.swift; sourceTree = "<group>"; };
		926AB39229B7972C00137847 /* Today.app */ = {isa = PBXFileReference; explicitFileType = wrapper.application; includeInIndex = 0; path = Today.app; sourceTree = BUILT_PRODUCTS_DIR; };
		926AB39529B7972C00137847 /* AppDelegate.swift */ = {isa = PBXFileReference; lastKnownFileType = sourcecode.swift; path = AppDelegate.swift; sourceTree = "<group>"; };
		926AB39729B7972C00137847 /* SceneDelegate.swift */ = {isa = PBXFileReference; lastKnownFileType = sourcecode.swift; path = SceneDelegate.swift; sourceTree = "<group>"; };
		926AB39929B7972C00137847 /* ReminderListViewController.swift */ = {isa = PBXFileReference; lastKnownFileType = sourcecode.swift; path = ReminderListViewController.swift; sourceTree = "<group>"; };
		926AB39C29B7972C00137847 /* Base */ = {isa = PBXFileReference; lastKnownFileType = file.storyboard; name = Base; path = Base.lproj/Main.storyboard; sourceTree = "<group>"; };
		926AB3A129B7972D00137847 /* Base */ = {isa = PBXFileReference; lastKnownFileType = file.storyboard; name = Base; path = Base.lproj/LaunchScreen.storyboard; sourceTree = "<group>"; };
		926AB3A329B7972D00137847 /* Info.plist */ = {isa = PBXFileReference; lastKnownFileType = text.plist.xml; path = Info.plist; sourceTree = "<group>"; };
		926AB3AA29B7A36700137847 /* Reminder.swift */ = {isa = PBXFileReference; lastKnownFileType = sourcecode.swift; path = Reminder.swift; sourceTree = "<group>"; };
		926AB3AC29B7BF7E00137847 /* Date+Today.swift */ = {isa = PBXFileReference; lastKnownFileType = sourcecode.swift; path = "Date+Today.swift"; sourceTree = "<group>"; };
		926AB3AF29B7D92600137847 /* ReminderListViewController+DataSource.swift */ = {isa = PBXFileReference; lastKnownFileType = sourcecode.swift; path = "ReminderListViewController+DataSource.swift"; sourceTree = "<group>"; };
		926AB3B129B8E01600137847 /* UIColor+Today.swift */ = {isa = PBXFileReference; fileEncoding = 4; lastKnownFileType = sourcecode.swift; path = "UIColor+Today.swift"; sourceTree = "<group>"; };
		926AB3B329B8E03000137847 /* Assets.xcassets */ = {isa = PBXFileReference; lastKnownFileType = folder.assetcatalog; path = Assets.xcassets; sourceTree = "<group>"; };
		926AB3B529B8EA4500137847 /* ReminderDoneButton.swift */ = {isa = PBXFileReference; lastKnownFileType = sourcecode.swift; path = ReminderDoneButton.swift; sourceTree = "<group>"; };
		926AB3B729B8EB4B00137847 /* ReminderListViewController+Actions.swift */ = {isa = PBXFileReference; lastKnownFileType = sourcecode.swift; path = "ReminderListViewController+Actions.swift"; sourceTree = "<group>"; };
		926AB3B929B9FE9D00137847 /* ReminderViewController.swift */ = {isa = PBXFileReference; lastKnownFileType = sourcecode.swift; path = ReminderViewController.swift; sourceTree = "<group>"; };
		926AB3BC29BA00AB00137847 /* ReminderViewController+Row.swift */ = {isa = PBXFileReference; lastKnownFileType = sourcecode.swift; path = "ReminderViewController+Row.swift"; sourceTree = "<group>"; };
		926AB3BE29BA143200137847 /* ReminderViewController+Section.swift */ = {isa = PBXFileReference; lastKnownFileType = sourcecode.swift; path = "ReminderViewController+Section.swift"; sourceTree = "<group>"; };
		926AB3C029BA3D0A00137847 /* ReminderViewController+CellConfiguration.swift */ = {isa = PBXFileReference; lastKnownFileType = sourcecode.swift; path = "ReminderViewController+CellConfiguration.swift"; sourceTree = "<group>"; };
		926AB3C329BA3FCA00137847 /* UIView+PinnedSubView.swift */ = {isa = PBXFileReference; lastKnownFileType = sourcecode.swift; path = "UIView+PinnedSubView.swift"; sourceTree = "<group>"; };
		926AB3C529BA429300137847 /* TextFieldContentView.swift */ = {isa = PBXFileReference; lastKnownFileType = sourcecode.swift; path = TextFieldContentView.swift; sourceTree = "<group>"; };
		926AB3C729BA448F00137847 /* UIContentConfiguration+Stateless.swift */ = {isa = PBXFileReference; lastKnownFileType = sourcecode.swift; path = "UIContentConfiguration+Stateless.swift"; sourceTree = "<group>"; };
		926AB3C929BA4AB300137847 /* TextViewContentView.swift */ = {isa = PBXFileReference; lastKnownFileType = sourcecode.swift; path = TextViewContentView.swift; sourceTree = "<group>"; };
		926AB3CB29BA4E5000137847 /* DatePickerContentView.swift */ = {isa = PBXFileReference; lastKnownFileType = sourcecode.swift; path = DatePickerContentView.swift; sourceTree = "<group>"; };
/* End PBXFileReference section */

/* Begin PBXFrameworksBuildPhase section */
		926AB38F29B7972C00137847 /* Frameworks */ = {
			isa = PBXFrameworksBuildPhase;
			buildActionMask = 2147483647;
			files = (
			);
			runOnlyForDeploymentPostprocessing = 0;
		};
/* End PBXFrameworksBuildPhase section */

/* Begin PBXGroup section */
		926AB38929B7972C00137847 = {
			isa = PBXGroup;
			children = (
				926AB39429B7972C00137847 /* Today */,
				926AB39329B7972C00137847 /* Products */,
			);
			sourceTree = "<group>";
		};
		926AB39329B7972C00137847 /* Products */ = {
			isa = PBXGroup;
			children = (
				926AB39229B7972C00137847 /* Today.app */,
			);
			name = Products;
			sourceTree = "<group>";
		};
		926AB39429B7972C00137847 /* Today */ = {
			isa = PBXGroup;
			children = (
				926AB39529B7972C00137847 /* AppDelegate.swift */,
				926AB39729B7972C00137847 /* SceneDelegate.swift */,
				926AB3C229BA3FA100137847 /* ContentViews */,
				926AB3A929B7A35300137847 /* Models */,
				926AB3BB29BA008800137847 /* DetailViewController */,
				926AB3AE29B7D87700137847 /* ListViewController */,
				926AB39B29B7972C00137847 /* Main.storyboard */,
				926AB3B329B8E03000137847 /* Assets.xcassets */,
				926AB3A029B7972D00137847 /* LaunchScreen.storyboard */,
				926AB3A329B7972D00137847 /* Info.plist */,
			);
			path = Today;
			sourceTree = "<group>";
		};
		926AB3A929B7A35300137847 /* Models */ = {
			isa = PBXGroup;
			children = (
				926AB3AA29B7A36700137847 /* Reminder.swift */,
				926AB3AC29B7BF7E00137847 /* Date+Today.swift */,
				926AB3B129B8E01600137847 /* UIColor+Today.swift */,
				9209FF4F29BB6DC900DB1159 /* ReminderListStyle.swift */,
			);
			path = Models;
			sourceTree = "<group>";
		};
		926AB3AE29B7D87700137847 /* ListViewController */ = {
			isa = PBXGroup;
			children = (
				926AB39929B7972C00137847 /* ReminderListViewController.swift */,
				926AB3AF29B7D92600137847 /* ReminderListViewController+DataSource.swift */,
				926AB3B729B8EB4B00137847 /* ReminderListViewController+Actions.swift */,
				926AB3B529B8EA4500137847 /* ReminderDoneButton.swift */,
				9209FF5129BB971600DB1159 /* ProgressHeaderView.swift */,
			);
			path = ListViewController;
			sourceTree = "<group>";
		};
		926AB3BB29BA008800137847 /* DetailViewController */ = {
			isa = PBXGroup;
			children = (
				926AB3B929B9FE9D00137847 /* ReminderViewController.swift */,
				926AB3BC29BA00AB00137847 /* ReminderViewController+Row.swift */,
				926AB3BE29BA143200137847 /* ReminderViewController+Section.swift */,
				926AB3C029BA3D0A00137847 /* ReminderViewController+CellConfiguration.swift */,
			);
			path = DetailViewController;
			sourceTree = "<group>";
		};
		926AB3C229BA3FA100137847 /* ContentViews */ = {
			isa = PBXGroup;
			children = (
				926AB3C329BA3FCA00137847 /* UIView+PinnedSubView.swift */,
				926AB3C529BA429300137847 /* TextFieldContentView.swift */,
				926AB3C729BA448F00137847 /* UIContentConfiguration+Stateless.swift */,
				926AB3C929BA4AB300137847 /* TextViewContentView.swift */,
				926AB3CB29BA4E5000137847 /* DatePickerContentView.swift */,
			);
			path = ContentViews;
			sourceTree = "<group>";
		};
/* End PBXGroup section */

/* Begin PBXNativeTarget section */
		926AB39129B7972C00137847 /* Today */ = {
			isa = PBXNativeTarget;
			buildConfigurationList = 926AB3A629B7972D00137847 /* Build configuration list for PBXNativeTarget "Today" */;
			buildPhases = (
				926AB38E29B7972C00137847 /* Sources */,
				926AB38F29B7972C00137847 /* Frameworks */,
				926AB39029B7972C00137847 /* Resources */,
			);
			buildRules = (
			);
			dependencies = (
			);
			name = Today;
			productName = Today;
			productReference = 926AB39229B7972C00137847 /* Today.app */;
			productType = "com.apple.product-type.application";
		};
/* End PBXNativeTarget section */

/* Begin PBXProject section */
		926AB38A29B7972C00137847 /* Project object */ = {
			isa = PBXProject;
			attributes = {
				BuildIndependentTargetsInParallel = 1;
				LastSwiftUpdateCheck = 1420;
				LastUpgradeCheck = 1420;
				TargetAttributes = {
					926AB39129B7972C00137847 = {
						CreatedOnToolsVersion = 14.2;
					};
				};
			};
			buildConfigurationList = 926AB38D29B7972C00137847 /* Build configuration list for PBXProject "Today" */;
			compatibilityVersion = "Xcode 14.0";
			developmentRegion = en;
			hasScannedForEncodings = 0;
			knownRegions = (
				en,
				Base,
			);
			mainGroup = 926AB38929B7972C00137847;
			productRefGroup = 926AB39329B7972C00137847 /* Products */;
			projectDirPath = "";
			projectRoot = "";
			targets = (
				926AB39129B7972C00137847 /* Today */,
			);
		};
/* End PBXProject section */

/* Begin PBXResourcesBuildPhase section */
		926AB39029B7972C00137847 /* Resources */ = {
			isa = PBXResourcesBuildPhase;
			buildActionMask = 2147483647;
			files = (
				926AB3A229B7972D00137847 /* LaunchScreen.storyboard in Resources */,
				926AB3B429B8E03000137847 /* Assets.xcassets in Resources */,
				926AB39D29B7972C00137847 /* Main.storyboard in Resources */,
			);
			runOnlyForDeploymentPostprocessing = 0;
		};
/* End PBXResourcesBuildPhase section */

/* Begin PBXSourcesBuildPhase section */
		926AB38E29B7972C00137847 /* Sources */ = {
			isa = PBXSourcesBuildPhase;
			buildActionMask = 2147483647;
			files = (
				9209FF5229BB971600DB1159 /* ProgressHeaderView.swift in Sources */,
				926AB3BF29BA143200137847 /* ReminderViewController+Section.swift in Sources */,
				926AB3B229B8E01600137847 /* UIColor+Today.swift in Sources */,
				926AB3CC29BA4E5000137847 /* DatePickerContentView.swift in Sources */,
				926AB3B829B8EB4B00137847 /* ReminderListViewController+Actions.swift in Sources */,
				926AB3BA29B9FE9D00137847 /* ReminderViewController.swift in Sources */,
				926AB39A29B7972C00137847 /* ReminderListViewController.swift in Sources */,
				9209FF5029BB6DC900DB1159 /* ReminderListStyle.swift in Sources */,
				926AB3C829BA448F00137847 /* UIContentConfiguration+Stateless.swift in Sources */,
				926AB3AD29B7BF7E00137847 /* Date+Today.swift in Sources */,
				926AB3C429BA3FCA00137847 /* UIView+PinnedSubView.swift in Sources */,
				926AB3C629BA429300137847 /* TextFieldContentView.swift in Sources */,
				926AB3CA29BA4AB300137847 /* TextViewContentView.swift in Sources */,
				926AB3BD29BA00AB00137847 /* ReminderViewController+Row.swift in Sources */,
				926AB3B629B8EA4500137847 /* ReminderDoneButton.swift in Sources */,
				926AB39629B7972C00137847 /* AppDelegate.swift in Sources */,
				926AB3C129BA3D0A00137847 /* ReminderViewController+CellConfiguration.swift in Sources */,
				926AB39829B7972C00137847 /* SceneDelegate.swift in Sources */,
				926AB3AB29B7A36700137847 /* Reminder.swift in Sources */,
				926AB3B029B7D92600137847 /* ReminderListViewController+DataSource.swift in Sources */,
			);
			runOnlyForDeploymentPostprocessing = 0;
		};
/* End PBXSourcesBuildPhase section */

/* Begin PBXVariantGroup section */
		926AB39B29B7972C00137847 /* Main.storyboard */ = {
			isa = PBXVariantGroup;
			children = (
				926AB39C29B7972C00137847 /* Base */,
			);
			name = Main.storyboard;
			sourceTree = "<group>";
		};
		926AB3A029B7972D00137847 /* LaunchScreen.storyboard */ = {
			isa = PBXVariantGroup;
			children = (
				926AB3A129B7972D00137847 /* Base */,
			);
			name = LaunchScreen.storyboard;
			sourceTree = "<group>";
		};
/* End PBXVariantGroup section */

/* Begin XCBuildConfiguration section */
		926AB3A429B7972D00137847 /* Debug */ = {
			isa = XCBuildConfiguration;
			buildSettings = {
				ALWAYS_SEARCH_USER_PATHS = NO;
				CLANG_ANALYZER_NONNULL = YES;
				CLANG_ANALYZER_NUMBER_OBJECT_CONVERSION = YES_AGGRESSIVE;
				CLANG_CXX_LANGUAGE_STANDARD = "gnu++20";
				CLANG_ENABLE_MODULES = YES;
				CLANG_ENABLE_OBJC_ARC = YES;
				CLANG_ENABLE_OBJC_WEAK = YES;
				CLANG_WARN_BLOCK_CAPTURE_AUTORELEASING = YES;
				CLANG_WARN_BOOL_CONVERSION = YES;
				CLANG_WARN_COMMA = YES;
				CLANG_WARN_CONSTANT_CONVERSION = YES;
				CLANG_WARN_DEPRECATED_OBJC_IMPLEMENTATIONS = YES;
				CLANG_WARN_DIRECT_OBJC_ISA_USAGE = YES_ERROR;
				CLANG_WARN_DOCUMENTATION_COMMENTS = YES;
				CLANG_WARN_EMPTY_BODY = YES;
				CLANG_WARN_ENUM_CONVERSION = YES;
				CLANG_WARN_INFINITE_RECURSION = YES;
				CLANG_WARN_INT_CONVERSION = YES;
				CLANG_WARN_NON_LITERAL_NULL_CONVERSION = YES;
				CLANG_WARN_OBJC_IMPLICIT_RETAIN_SELF = YES;
				CLANG_WARN_OBJC_LITERAL_CONVERSION = YES;
				CLANG_WARN_OBJC_ROOT_CLASS = YES_ERROR;
				CLANG_WARN_QUOTED_INCLUDE_IN_FRAMEWORK_HEADER = YES;
				CLANG_WARN_RANGE_LOOP_ANALYSIS = YES;
				CLANG_WARN_STRICT_PROTOTYPES = YES;
				CLANG_WARN_SUSPICIOUS_MOVE = YES;
				CLANG_WARN_UNGUARDED_AVAILABILITY = YES_AGGRESSIVE;
				CLANG_WARN_UNREACHABLE_CODE = YES;
				CLANG_WARN__DUPLICATE_METHOD_MATCH = YES;
				COPY_PHASE_STRIP = NO;
				DEBUG_INFORMATION_FORMAT = dwarf;
				ENABLE_STRICT_OBJC_MSGSEND = YES;
				ENABLE_TESTABILITY = YES;
				GCC_C_LANGUAGE_STANDARD = gnu11;
				GCC_DYNAMIC_NO_PIC = NO;
				GCC_NO_COMMON_BLOCKS = YES;
				GCC_OPTIMIZATION_LEVEL = 0;
				GCC_PREPROCESSOR_DEFINITIONS = (
					"DEBUG=1",
					"$(inherited)",
				);
				GCC_WARN_64_TO_32_BIT_CONVERSION = YES;
				GCC_WARN_ABOUT_RETURN_TYPE = YES_ERROR;
				GCC_WARN_UNDECLARED_SELECTOR = YES;
				GCC_WARN_UNINITIALIZED_AUTOS = YES_AGGRESSIVE;
				GCC_WARN_UNUSED_FUNCTION = YES;
				GCC_WARN_UNUSED_VARIABLE = YES;
				IPHONEOS_DEPLOYMENT_TARGET = 16.2;
				MTL_ENABLE_DEBUG_INFO = INCLUDE_SOURCE;
				MTL_FAST_MATH = YES;
				ONLY_ACTIVE_ARCH = YES;
				SDKROOT = iphoneos;
				SWIFT_ACTIVE_COMPILATION_CONDITIONS = DEBUG;
				SWIFT_OPTIMIZATION_LEVEL = "-Onone";
			};
			name = Debug;
		};
		926AB3A529B7972D00137847 /* Release */ = {
			isa = XCBuildConfiguration;
			buildSettings = {
				ALWAYS_SEARCH_USER_PATHS = NO;
				CLANG_ANALYZER_NONNULL = YES;
				CLANG_ANALYZER_NUMBER_OBJECT_CONVERSION = YES_AGGRESSIVE;
				CLANG_CXX_LANGUAGE_STANDARD = "gnu++20";
				CLANG_ENABLE_MODULES = YES;
				CLANG_ENABLE_OBJC_ARC = YES;
				CLANG_ENABLE_OBJC_WEAK = YES;
				CLANG_WARN_BLOCK_CAPTURE_AUTORELEASING = YES;
				CLANG_WARN_BOOL_CONVERSION = YES;
				CLANG_WARN_COMMA = YES;
				CLANG_WARN_CONSTANT_CONVERSION = YES;
				CLANG_WARN_DEPRECATED_OBJC_IMPLEMENTATIONS = YES;
				CLANG_WARN_DIRECT_OBJC_ISA_USAGE = YES_ERROR;
				CLANG_WARN_DOCUMENTATION_COMMENTS = YES;
				CLANG_WARN_EMPTY_BODY = YES;
				CLANG_WARN_ENUM_CONVERSION = YES;
				CLANG_WARN_INFINITE_RECURSION = YES;
				CLANG_WARN_INT_CONVERSION = YES;
				CLANG_WARN_NON_LITERAL_NULL_CONVERSION = YES;
				CLANG_WARN_OBJC_IMPLICIT_RETAIN_SELF = YES;
				CLANG_WARN_OBJC_LITERAL_CONVERSION = YES;
				CLANG_WARN_OBJC_ROOT_CLASS = YES_ERROR;
				CLANG_WARN_QUOTED_INCLUDE_IN_FRAMEWORK_HEADER = YES;
				CLANG_WARN_RANGE_LOOP_ANALYSIS = YES;
				CLANG_WARN_STRICT_PROTOTYPES = YES;
				CLANG_WARN_SUSPICIOUS_MOVE = YES;
				CLANG_WARN_UNGUARDED_AVAILABILITY = YES_AGGRESSIVE;
				CLANG_WARN_UNREACHABLE_CODE = YES;
				CLANG_WARN__DUPLICATE_METHOD_MATCH = YES;
				COPY_PHASE_STRIP = NO;
				DEBUG_INFORMATION_FORMAT = "dwarf-with-dsym";
				ENABLE_NS_ASSERTIONS = NO;
				ENABLE_STRICT_OBJC_MSGSEND = YES;
				GCC_C_LANGUAGE_STANDARD = gnu11;
				GCC_NO_COMMON_BLOCKS = YES;
				GCC_WARN_64_TO_32_BIT_CONVERSION = YES;
				GCC_WARN_ABOUT_RETURN_TYPE = YES_ERROR;
				GCC_WARN_UNDECLARED_SELECTOR = YES;
				GCC_WARN_UNINITIALIZED_AUTOS = YES_AGGRESSIVE;
				GCC_WARN_UNUSED_FUNCTION = YES;
				GCC_WARN_UNUSED_VARIABLE = YES;
				IPHONEOS_DEPLOYMENT_TARGET = 16.2;
				MTL_ENABLE_DEBUG_INFO = NO;
				MTL_FAST_MATH = YES;
				SDKROOT = iphoneos;
				SWIFT_COMPILATION_MODE = wholemodule;
				SWIFT_OPTIMIZATION_LEVEL = "-O";
				VALIDATE_PRODUCT = YES;
			};
			name = Release;
		};
		926AB3A729B7972D00137847 /* Debug */ = {
			isa = XCBuildConfiguration;
			buildSettings = {
				ASSETCATALOG_COMPILER_APPICON_NAME = AppIcon;
				ASSETCATALOG_COMPILER_GLOBAL_ACCENT_COLOR_NAME = AccentColor;
				CODE_SIGN_STYLE = Automatic;
				CURRENT_PROJECT_VERSION = 1;
				DEVELOPMENT_TEAM = 48SG7ZG46A;
				GENERATE_INFOPLIST_FILE = YES;
				INFOPLIST_FILE = Today/Info.plist;
				INFOPLIST_KEY_UIApplicationSupportsIndirectInputEvents = YES;
				INFOPLIST_KEY_UILaunchStoryboardName = LaunchScreen;
				INFOPLIST_KEY_UIMainStoryboardFile = Main;
				INFOPLIST_KEY_UISupportedInterfaceOrientations_iPad = "UIInterfaceOrientationPortrait UIInterfaceOrientationPortraitUpsideDown UIInterfaceOrientationLandscapeLeft UIInterfaceOrientationLandscapeRight";
				INFOPLIST_KEY_UISupportedInterfaceOrientations_iPhone = "UIInterfaceOrientationPortrait UIInterfaceOrientationLandscapeLeft UIInterfaceOrientationLandscapeRight";
				LD_RUNPATH_SEARCH_PATHS = (
					"$(inherited)",
					"@executable_path/Frameworks",
				);
				MARKETING_VERSION = 1.0;
				PRODUCT_BUNDLE_IDENTIFIER = AristideLAUGA.Today;
				PRODUCT_NAME = "$(TARGET_NAME)";
				SWIFT_EMIT_LOC_STRINGS = YES;
				SWIFT_VERSION = 5.0;
				TARGETED_DEVICE_FAMILY = "1,2";
			};
			name = Debug;
		};
		926AB3A829B7972D00137847 /* Release */ = {
			isa = XCBuildConfiguration;
			buildSettings = {
				ASSETCATALOG_COMPILER_APPICON_NAME = AppIcon;
				ASSETCATALOG_COMPILER_GLOBAL_ACCENT_COLOR_NAME = AccentColor;
				CODE_SIGN_STYLE = Automatic;
				CURRENT_PROJECT_VERSION = 1;
				DEVELOPMENT_TEAM = 48SG7ZG46A;
				GENERATE_INFOPLIST_FILE = YES;
				INFOPLIST_FILE = Today/Info.plist;
				INFOPLIST_KEY_UIApplicationSupportsIndirectInputEvents = YES;
				INFOPLIST_KEY_UILaunchStoryboardName = LaunchScreen;
				INFOPLIST_KEY_UIMainStoryboardFile = Main;
				INFOPLIST_KEY_UISupportedInterfaceOrientations_iPad = "UIInterfaceOrientationPortrait UIInterfaceOrientationPortraitUpsideDown UIInterfaceOrientationLandscapeLeft UIInterfaceOrientationLandscapeRight";
				INFOPLIST_KEY_UISupportedInterfaceOrientations_iPhone = "UIInterfaceOrientationPortrait UIInterfaceOrientationLandscapeLeft UIInterfaceOrientationLandscapeRight";
				LD_RUNPATH_SEARCH_PATHS = (
					"$(inherited)",
					"@executable_path/Frameworks",
				);
				MARKETING_VERSION = 1.0;
				PRODUCT_BUNDLE_IDENTIFIER = AristideLAUGA.Today;
				PRODUCT_NAME = "$(TARGET_NAME)";
				SWIFT_EMIT_LOC_STRINGS = YES;
				SWIFT_VERSION = 5.0;
				TARGETED_DEVICE_FAMILY = "1,2";
			};
			name = Release;
		};
/* End XCBuildConfiguration section */

/* Begin XCConfigurationList section */
		926AB38D29B7972C00137847 /* Build configuration list for PBXProject "Today" */ = {
			isa = XCConfigurationList;
			buildConfigurations = (
				926AB3A429B7972D00137847 /* Debug */,
				926AB3A529B7972D00137847 /* Release */,
			);
			defaultConfigurationIsVisible = 0;
			defaultConfigurationName = Release;
		};
		926AB3A629B7972D00137847 /* Build configuration list for PBXNativeTarget "Today" */ = {
			isa = XCConfigurationList;
			buildConfigurations = (
				926AB3A729B7972D00137847 /* Debug */,
				926AB3A829B7972D00137847 /* Release */,
			);
			defaultConfigurationIsVisible = 0;
			defaultConfigurationName = Release;
		};
/* End XCConfigurationList section */
	};
	rootObject = 926AB38A29B7972C00137847 /* Project object */;
}
